// !$*UTF8*$!
{
	archiveVersion = 1;
	classes = {
	};
	objectVersion = 77;
	objects = {

/* Begin PBXContainerItemProxy section */
		A542DBA72E1189780069951A /* PBXContainerItemProxy */ = {
			isa = PBXContainerItemProxy;
			containerPortal = A542DB912E1189760069951A /* Project object */;
			proxyType = 1;
			remoteGlobalIDString = A542DB982E1189760069951A;
			remoteInfo = worgleworgle_ios;
		};
		A542DBB12E1189780069951A /* PBXContainerItemProxy */ = {
			isa = PBXContainerItemProxy;
			containerPortal = A542DB912E1189760069951A /* Project object */;
			proxyType = 1;
			remoteGlobalIDString = A542DB982E1189760069951A;
			remoteInfo = worgleworgle_ios;
		};
/* End PBXContainerItemProxy section */

/* Begin PBXFileReference section */
		A542DB992E1189760069951A /* worgleworgle_ios.app */ = {isa = PBXFileReference; explicitFileType = wrapper.application; includeInIndex = 0; path = worgleworgle_ios.app; sourceTree = BUILT_PRODUCTS_DIR; };
		A542DBA62E1189780069951A /* worgleworgle_iosTests.xctest */ = {isa = PBXFileReference; explicitFileType = wrapper.cfbundle; includeInIndex = 0; path = worgleworgle_iosTests.xctest; sourceTree = BUILT_PRODUCTS_DIR; };
		A542DBB02E1189780069951A /* worgleworgle_iosUITests.xctest */ = {isa = PBXFileReference; explicitFileType = wrapper.cfbundle; includeInIndex = 0; path = worgleworgle_iosUITests.xctest; sourceTree = BUILT_PRODUCTS_DIR; };
/* End PBXFileReference section */

/* Begin PBXFileSystemSynchronizedBuildFileExceptionSet section */
		A5CC6A0C2E1ACC1300221D5B /* Exceptions for "worgleworgle_ios" folder in "worgleworgle_ios" target */ = {
			isa = PBXFileSystemSynchronizedBuildFileExceptionSet;
			membershipExceptions = (
				Info.plist,
				"worgleworgle-ios-Info.plist",
			);
			target = A542DB982E1189760069951A /* worgleworgle_ios */;
		};
/* End PBXFileSystemSynchronizedBuildFileExceptionSet section */

/* Begin PBXFileSystemSynchronizedRootGroup section */
		A542DB9B2E1189760069951A /* worgleworgle_ios */ = {
			isa = PBXFileSystemSynchronizedRootGroup;
			exceptions = (
				A5CC6A0C2E1ACC1300221D5B /* Exceptions for "worgleworgle_ios" folder in "worgleworgle_ios" target */,
			);
			path = worgleworgle_ios;
			sourceTree = "<group>";
		};
		A542DBA92E1189780069951A /* worgleworgle_iosTests */ = {
			isa = PBXFileSystemSynchronizedRootGroup;
			path = worgleworgle_iosTests;
			sourceTree = "<group>";
		};
		A542DBB32E1189780069951A /* worgleworgle_iosUITests */ = {
			isa = PBXFileSystemSynchronizedRootGroup;
			path = worgleworgle_iosUITests;
			sourceTree = "<group>";
		};
/* End PBXFileSystemSynchronizedRootGroup section */

/* Begin PBXFrameworksBuildPhase section */
		A542DB962E1189760069951A /* Frameworks */ = {
			isa = PBXFrameworksBuildPhase;
			buildActionMask = 2147483647;
			files = (
			);
			runOnlyForDeploymentPostprocessing = 0;
		};
		A542DBA32E1189780069951A /* Frameworks */ = {
			isa = PBXFrameworksBuildPhase;
			buildActionMask = 2147483647;
			files = (
			);
			runOnlyForDeploymentPostprocessing = 0;
		};
		A542DBAD2E1189780069951A /* Frameworks */ = {
			isa = PBXFrameworksBuildPhase;
			buildActionMask = 2147483647;
			files = (
			);
			runOnlyForDeploymentPostprocessing = 0;
		};
/* End PBXFrameworksBuildPhase section */

/* Begin PBXGroup section */
		A542DB902E1189760069951A = {
			isa = PBXGroup;
			children = (
				A542DB9B2E1189760069951A /* worgleworgle_ios */,
				A542DBA92E1189780069951A /* worgleworgle_iosTests */,
				A542DBB32E1189780069951A /* worgleworgle_iosUITests */,
				A542DB9A2E1189760069951A /* Products */,
			);
			sourceTree = "<group>";
		};
		A542DB9A2E1189760069951A /* Products */ = {
			isa = PBXGroup;
			children = (
				A542DB992E1189760069951A /* worgleworgle_ios.app */,
				A542DBA62E1189780069951A /* worgleworgle_iosTests.xctest */,
				A542DBB02E1189780069951A /* worgleworgle_iosUITests.xctest */,
			);
			name = Products;
			sourceTree = "<group>";
		};
/* End PBXGroup section */

/* Begin PBXNativeTarget section */
		A542DB982E1189760069951A /* worgleworgle_ios */ = {
			isa = PBXNativeTarget;
			buildConfigurationList = A542DBBA2E1189780069951A /* Build configuration list for PBXNativeTarget "worgleworgle_ios" */;
			buildPhases = (
				A542DB952E1189760069951A /* Sources */,
				A542DB962E1189760069951A /* Frameworks */,
				A542DB972E1189760069951A /* Resources */,
			);
			buildRules = (
			);
			dependencies = (
			);
			fileSystemSynchronizedGroups = (
				A542DB9B2E1189760069951A /* worgleworgle_ios */,
			);
			name = worgleworgle_ios;
			packageProductDependencies = (
			);
			productName = worgleworgle_ios;
			productReference = A542DB992E1189760069951A /* worgleworgle_ios.app */;
			productType = "com.apple.product-type.application";
		};
		A542DBA52E1189780069951A /* worgleworgle_iosTests */ = {
			isa = PBXNativeTarget;
			buildConfigurationList = A542DBBD2E1189780069951A /* Build configuration list for PBXNativeTarget "worgleworgle_iosTests" */;
			buildPhases = (
				A542DBA22E1189780069951A /* Sources */,
				A542DBA32E1189780069951A /* Frameworks */,
				A542DBA42E1189780069951A /* Resources */,
			);
			buildRules = (
			);
			dependencies = (
				A542DBA82E1189780069951A /* PBXTargetDependency */,
			);
			fileSystemSynchronizedGroups = (
				A542DBA92E1189780069951A /* worgleworgle_iosTests */,
			);
			name = worgleworgle_iosTests;
			packageProductDependencies = (
			);
			productName = worgleworgle_iosTests;
			productReference = A542DBA62E1189780069951A /* worgleworgle_iosTests.xctest */;
			productType = "com.apple.product-type.bundle.unit-test";
		};
		A542DBAF2E1189780069951A /* worgleworgle_iosUITests */ = {
			isa = PBXNativeTarget;
			buildConfigurationList = A542DBC02E1189780069951A /* Build configuration list for PBXNativeTarget "worgleworgle_iosUITests" */;
			buildPhases = (
				A542DBAC2E1189780069951A /* Sources */,
				A542DBAD2E1189780069951A /* Frameworks */,
				A542DBAE2E1189780069951A /* Resources */,
			);
			buildRules = (
			);
			dependencies = (
				A542DBB22E1189780069951A /* PBXTargetDependency */,
			);
			fileSystemSynchronizedGroups = (
				A542DBB32E1189780069951A /* worgleworgle_iosUITests */,
			);
			name = worgleworgle_iosUITests;
			packageProductDependencies = (
			);
			productName = worgleworgle_iosUITests;
			productReference = A542DBB02E1189780069951A /* worgleworgle_iosUITests.xctest */;
			productType = "com.apple.product-type.bundle.ui-testing";
		};
/* End PBXNativeTarget section */

/* Begin PBXProject section */
		A542DB912E1189760069951A /* Project object */ = {
			isa = PBXProject;
			attributes = {
				BuildIndependentTargetsInParallel = 1;
				LastSwiftUpdateCheck = 1640;
				LastUpgradeCheck = 1640;
				TargetAttributes = {
					A542DB982E1189760069951A = {
						CreatedOnToolsVersion = 16.4;
					};
					A542DBA52E1189780069951A = {
						CreatedOnToolsVersion = 16.4;
						TestTargetID = A542DB982E1189760069951A;
					};
					A542DBAF2E1189780069951A = {
						CreatedOnToolsVersion = 16.4;
						TestTargetID = A542DB982E1189760069951A;
					};
				};
			};
			buildConfigurationList = A542DB942E1189760069951A /* Build configuration list for PBXProject "worgleworgle_ios" */;
			developmentRegion = en;
			hasScannedForEncodings = 0;
			knownRegions = (
				en,
				Base,
			);
			mainGroup = A542DB902E1189760069951A;
			minimizedProjectReferenceProxies = 1;
			preferredProjectObjectVersion = 77;
			productRefGroup = A542DB9A2E1189760069951A /* Products */;
			projectDirPath = "";
			projectRoot = "";
			targets = (
				A542DB982E1189760069951A /* worgleworgle_ios */,
				A542DBA52E1189780069951A /* worgleworgle_iosTests */,
				A542DBAF2E1189780069951A /* worgleworgle_iosUITests */,
			);
		};
/* End PBXProject section */

/* Begin PBXResourcesBuildPhase section */
		A542DB972E1189760069951A /* Resources */ = {
			isa = PBXResourcesBuildPhase;
			buildActionMask = 2147483647;
			files = (
			);
			runOnlyForDeploymentPostprocessing = 0;
		};
		A542DBA42E1189780069951A /* Resources */ = {
			isa = PBXResourcesBuildPhase;
			buildActionMask = 2147483647;
			files = (
			);
			runOnlyForDeploymentPostprocessing = 0;
		};
		A542DBAE2E1189780069951A /* Resources */ = {
			isa = PBXResourcesBuildPhase;
			buildActionMask = 2147483647;
			files = (
			);
			runOnlyForDeploymentPostprocessing = 0;
		};
/* End PBXResourcesBuildPhase section */

/* Begin PBXSourcesBuildPhase section */
		A542DB952E1189760069951A /* Sources */ = {
			isa = PBXSourcesBuildPhase;
			buildActionMask = 2147483647;
			files = (
			);
			runOnlyForDeploymentPostprocessing = 0;
		};
		A542DBA22E1189780069951A /* Sources */ = {
			isa = PBXSourcesBuildPhase;
			buildActionMask = 2147483647;
			files = (
			);
			runOnlyForDeploymentPostprocessing = 0;
		};
		A542DBAC2E1189780069951A /* Sources */ = {
			isa = PBXSourcesBuildPhase;
			buildActionMask = 2147483647;
			files = (
			);
			runOnlyForDeploymentPostprocessing = 0;
		};
/* End PBXSourcesBuildPhase section */

/* Begin PBXTargetDependency section */
		A542DBA82E1189780069951A /* PBXTargetDependency */ = {
			isa = PBXTargetDependency;
			target = A542DB982E1189760069951A /* worgleworgle_ios */;
			targetProxy = A542DBA72E1189780069951A /* PBXContainerItemProxy */;
		};
		A542DBB22E1189780069951A /* PBXTargetDependency */ = {
			isa = PBXTargetDependency;
			target = A542DB982E1189760069951A /* worgleworgle_ios */;
			targetProxy = A542DBB12E1189780069951A /* PBXContainerItemProxy */;
		};
/* End PBXTargetDependency section */

/* Begin XCBuildConfiguration section */
		A542DBB82E1189780069951A /* Debug */ = {
			isa = XCBuildConfiguration;
			buildSettings = {
				ALWAYS_SEARCH_USER_PATHS = NO;
				ASSETCATALOG_COMPILER_GENERATE_SWIFT_ASSET_SYMBOL_EXTENSIONS = YES;
				CLANG_ANALYZER_NONNULL = YES;
				CLANG_ANALYZER_NUMBER_OBJECT_CONVERSION = YES_AGGRESSIVE;
				CLANG_CXX_LANGUAGE_STANDARD = "gnu++20";
				CLANG_ENABLE_MODULES = YES;
				CLANG_ENABLE_OBJC_ARC = YES;
				CLANG_ENABLE_OBJC_WEAK = YES;
				CLANG_WARN_BLOCK_CAPTURE_AUTORELEASING = YES;
				CLANG_WARN_BOOL_CONVERSION = YES;
				CLANG_WARN_COMMA = YES;
				CLANG_WARN_CONSTANT_CONVERSION = YES;
				CLANG_WARN_DEPRECATED_OBJC_IMPLEMENTATIONS = YES;
				CLANG_WARN_DIRECT_OBJC_ISA_USAGE = YES_ERROR;
				CLANG_WARN_DOCUMENTATION_COMMENTS = YES;
				CLANG_WARN_EMPTY_BODY = YES;
				CLANG_WARN_ENUM_CONVERSION = YES;
				CLANG_WARN_INFINITE_RECURSION = YES;
				CLANG_WARN_INT_CONVERSION = YES;
				CLANG_WARN_NON_LITERAL_NULL_CONVERSION = YES;
				CLANG_WARN_OBJC_IMPLICIT_RETAIN_SELF = YES;
				CLANG_WARN_OBJC_LITERAL_CONVERSION = YES;
				CLANG_WARN_OBJC_ROOT_CLASS = YES_ERROR;
				CLANG_WARN_QUOTED_INCLUDE_IN_FRAMEWORK_HEADER = YES;
				CLANG_WARN_RANGE_LOOP_ANALYSIS = YES;
				CLANG_WARN_STRICT_PROTOTYPES = YES;
				CLANG_WARN_SUSPICIOUS_MOVE = YES;
				CLANG_WARN_UNGUARDED_AVAILABILITY = YES_AGGRESSIVE;
				CLANG_WARN_UNREACHABLE_CODE = YES;
				CLANG_WARN__DUPLICATE_METHOD_MATCH = YES;
				COPY_PHASE_STRIP = NO;
				DEBUG_INFORMATION_FORMAT = dwarf;
				DEVELOPMENT_TEAM = M9UHJM9LN3;
				ENABLE_STRICT_OBJC_MSGSEND = YES;
				ENABLE_TESTABILITY = YES;
				ENABLE_USER_SCRIPT_SANDBOXING = YES;
				GCC_C_LANGUAGE_STANDARD = gnu17;
				GCC_DYNAMIC_NO_PIC = NO;
				GCC_NO_COMMON_BLOCKS = YES;
				GCC_OPTIMIZATION_LEVEL = 0;
				GCC_PREPROCESSOR_DEFINITIONS = (
					"DEBUG=1",
					"$(inherited)",
				);
				GCC_WARN_64_TO_32_BIT_CONVERSION = YES;
				GCC_WARN_ABOUT_RETURN_TYPE = YES_ERROR;
				GCC_WARN_UNDECLARED_SELECTOR = YES;
				GCC_WARN_UNINITIALIZED_AUTOS = YES_AGGRESSIVE;
				GCC_WARN_UNUSED_FUNCTION = YES;
				GCC_WARN_UNUSED_VARIABLE = YES;
				IPHONEOS_DEPLOYMENT_TARGET = 18.5;
				LOCALIZATION_PREFERS_STRING_CATALOGS = YES;
				MTL_ENABLE_DEBUG_INFO = INCLUDE_SOURCE;
				MTL_FAST_MATH = YES;
				ONLY_ACTIVE_ARCH = YES;
				SDKROOT = iphoneos;
				SWIFT_ACTIVE_COMPILATION_CONDITIONS = "DEBUG $(inherited)";
				SWIFT_OPTIMIZATION_LEVEL = "-Onone";
			};
			name = Debug;
		};
		A542DBB92E1189780069951A /* Release */ = {
			isa = XCBuildConfiguration;
			buildSettings = {
				ALWAYS_SEARCH_USER_PATHS = NO;
				ASSETCATALOG_COMPILER_GENERATE_SWIFT_ASSET_SYMBOL_EXTENSIONS = YES;
				CLANG_ANALYZER_NONNULL = YES;
				CLANG_ANALYZER_NUMBER_OBJECT_CONVERSION = YES_AGGRESSIVE;
				CLANG_CXX_LANGUAGE_STANDARD = "gnu++20";
				CLANG_ENABLE_MODULES = YES;
				CLANG_ENABLE_OBJC_ARC = YES;
				CLANG_ENABLE_OBJC_WEAK = YES;
				CLANG_WARN_BLOCK_CAPTURE_AUTORELEASING = YES;
				CLANG_WARN_BOOL_CONVERSION = YES;
				CLANG_WARN_COMMA = YES;
				CLANG_WARN_CONSTANT_CONVERSION = YES;
				CLANG_WARN_DEPRECATED_OBJC_IMPLEMENTATIONS = YES;
				CLANG_WARN_DIRECT_OBJC_ISA_USAGE = YES_ERROR;
				CLANG_WARN_DOCUMENTATION_COMMENTS = YES;
				CLANG_WARN_EMPTY_BODY = YES;
				CLANG_WARN_ENUM_CONVERSION = YES;
				CLANG_WARN_INFINITE_RECURSION = YES;
				CLANG_WARN_INT_CONVERSION = YES;
				CLANG_WARN_NON_LITERAL_NULL_CONVERSION = YES;
				CLANG_WARN_OBJC_IMPLICIT_RETAIN_SELF = YES;
				CLANG_WARN_OBJC_LITERAL_CONVERSION = YES;
				CLANG_WARN_OBJC_ROOT_CLASS = YES_ERROR;
				CLANG_WARN_QUOTED_INCLUDE_IN_FRAMEWORK_HEADER = YES;
				CLANG_WARN_RANGE_LOOP_ANALYSIS = YES;
				CLANG_WARN_STRICT_PROTOTYPES = YES;
				CLANG_WARN_SUSPICIOUS_MOVE = YES;
				CLANG_WARN_UNGUARDED_AVAILABILITY = YES_AGGRESSIVE;
				CLANG_WARN_UNREACHABLE_CODE = YES;
				CLANG_WARN__DUPLICATE_METHOD_MATCH = YES;
				COPY_PHASE_STRIP = NO;
				DEBUG_INFORMATION_FORMAT = "dwarf-with-dsym";
				DEVELOPMENT_TEAM = M9UHJM9LN3;
				ENABLE_NS_ASSERTIONS = NO;
				ENABLE_STRICT_OBJC_MSGSEND = YES;
				ENABLE_USER_SCRIPT_SANDBOXING = YES;
				GCC_C_LANGUAGE_STANDARD = gnu17;
				GCC_NO_COMMON_BLOCKS = YES;
				GCC_WARN_64_TO_32_BIT_CONVERSION = YES;
				GCC_WARN_ABOUT_RETURN_TYPE = YES_ERROR;
				GCC_WARN_UNDECLARED_SELECTOR = YES;
				GCC_WARN_UNINITIALIZED_AUTOS = YES_AGGRESSIVE;
				GCC_WARN_UNUSED_FUNCTION = YES;
				GCC_WARN_UNUSED_VARIABLE = YES;
				IPHONEOS_DEPLOYMENT_TARGET = 18.5;
				LOCALIZATION_PREFERS_STRING_CATALOGS = YES;
				MTL_ENABLE_DEBUG_INFO = NO;
				MTL_FAST_MATH = YES;
				SDKROOT = iphoneos;
				SWIFT_COMPILATION_MODE = wholemodule;
				VALIDATE_PRODUCT = YES;
			};
			name = Release;
		};
		A542DBBB2E1189780069951A /* Debug */ = {
			isa = XCBuildConfiguration;
			baseConfigurationReferenceAnchor = A542DB9B2E1189760069951A /* worgleworgle_ios */;
			baseConfigurationReferenceRelativePath = Config.xcconfig;
			buildSettings = {
				ASSETCATALOG_COMPILER_APPICON_NAME = AppIcon;
				ASSETCATALOG_COMPILER_GLOBAL_ACCENT_COLOR_NAME = AccentColor;
				CODE_SIGN_STYLE = Automatic;
				CURRENT_PROJECT_VERSION = 1;
				DEVELOPMENT_TEAM = 95GV2E2T7T;
				ENABLE_PREVIEWS = YES;
				GENERATE_INFOPLIST_FILE = YES;
				INFOPLIST_FILE = "worgleworgle-ios-Info.plist";
				INFOPLIST_KEY_UIApplicationSceneManifest_Generation = YES;
				INFOPLIST_KEY_UIApplicationSupportsIndirectInputEvents = YES;
				INFOPLIST_KEY_UILaunchScreen_Generation = YES;
				INFOPLIST_KEY_UISupportedInterfaceOrientations_iPad = "UIInterfaceOrientationPortrait UIInterfaceOrientationPortraitUpsideDown UIInterfaceOrientationLandscapeLeft UIInterfaceOrientationLandscapeRight";
				INFOPLIST_KEY_UISupportedInterfaceOrientations_iPhone = "UIInterfaceOrientationPortrait UIInterfaceOrientationLandscapeLeft UIInterfaceOrientationLandscapeRight";
				IPHONEOS_DEPLOYMENT_TARGET = 15.0;
				LD_RUNPATH_SEARCH_PATHS = (
					"$(inherited)",
					"@executable_path/Frameworks",
				);
				MARKETING_VERSION = 1.0;
				PRODUCT_BUNDLE_IDENTIFIER = net.ifmain.worgleworgle.ios;
				PRODUCT_NAME = "$(TARGET_NAME)";
				SWIFT_EMIT_LOC_STRINGS = YES;
				SWIFT_VERSION = 5.0;
				TARGETED_DEVICE_FAMILY = "1,2";
			};
			name = Debug;
		};
		A542DBBC2E1189780069951A /* Release */ = {
			isa = XCBuildConfiguration;
			baseConfigurationReferenceAnchor = A542DB9B2E1189760069951A /* worgleworgle_ios */;
			baseConfigurationReferenceRelativePath = Config.xcconfig;
			buildSettings = {
				ASSETCATALOG_COMPILER_APPICON_NAME = AppIcon;
				ASSETCATALOG_COMPILER_GLOBAL_ACCENT_COLOR_NAME = AccentColor;
				CODE_SIGN_STYLE = Automatic;
				CURRENT_PROJECT_VERSION = 1;
				DEVELOPMENT_TEAM = 95GV2E2T7T;
				ENABLE_PREVIEWS = YES;
				GENERATE_INFOPLIST_FILE = YES;
				INFOPLIST_FILE = "worgleworgle-ios-Info.plist";
				INFOPLIST_KEY_UIApplicationSceneManifest_Generation = YES;
				INFOPLIST_KEY_UIApplicationSupportsIndirectInputEvents = YES;
				INFOPLIST_KEY_UILaunchScreen_Generation = YES;
				INFOPLIST_KEY_UISupportedInterfaceOrientations_iPad = "UIInterfaceOrientationPortrait UIInterfaceOrientationPortraitUpsideDown UIInterfaceOrientationLandscapeLeft UIInterfaceOrientationLandscapeRight";
				INFOPLIST_KEY_UISupportedInterfaceOrientations_iPhone = "UIInterfaceOrientationPortrait UIInterfaceOrientationLandscapeLeft UIInterfaceOrientationLandscapeRight";
				IPHONEOS_DEPLOYMENT_TARGET = 15.0;
				LD_RUNPATH_SEARCH_PATHS = (
					"$(inherited)",
					"@executable_path/Frameworks",
				);
				MARKETING_VERSION = 1.0;
				PRODUCT_BUNDLE_IDENTIFIER = net.ifmain.worgleworgle.ios;
				PRODUCT_NAME = "$(TARGET_NAME)";
				SWIFT_EMIT_LOC_STRINGS = YES;
				SWIFT_VERSION = 5.0;
				TARGETED_DEVICE_FAMILY = "1,2";
			};
			name = Release;
		};
		A542DBBE2E1189780069951A /* Debug */ = {
			isa = XCBuildConfiguration;
			buildSettings = {
				BUNDLE_LOADER = "$(TEST_HOST)";
				CODE_SIGN_STYLE = Automatic;
				CURRENT_PROJECT_VERSION = 1;
				DEVELOPMENT_TEAM = M9UHJM9LN3;
				GENERATE_INFOPLIST_FILE = YES;
				IPHONEOS_DEPLOYMENT_TARGET = 18.5;
				MARKETING_VERSION = 1.0;
				PRODUCT_BUNDLE_IDENTIFIER = "net.ifmain.worgleworgle-iosTests";
				PRODUCT_NAME = "$(TARGET_NAME)";
				SWIFT_EMIT_LOC_STRINGS = NO;
				SWIFT_VERSION = 5.0;
				TARGETED_DEVICE_FAMILY = "1,2";
				TEST_HOST = "$(BUILT_PRODUCTS_DIR)/worgleworgle_ios.app/$(BUNDLE_EXECUTABLE_FOLDER_PATH)/worgleworgle_ios";
			};
			name = Debug;
		};
		A542DBBF2E1189780069951A /* Release */ = {
			isa = XCBuildConfiguration;
			buildSettings = {
				BUNDLE_LOADER = "$(TEST_HOST)";
				CODE_SIGN_STYLE = Automatic;
				CURRENT_PROJECT_VERSION = 1;
				DEVELOPMENT_TEAM = M9UHJM9LN3;
				GENERATE_INFOPLIST_FILE = YES;
				IPHONEOS_DEPLOYMENT_TARGET = 18.5;
				MARKETING_VERSION = 1.0;
				PRODUCT_BUNDLE_IDENTIFIER = "net.ifmain.worgleworgle-iosTests";
				PRODUCT_NAME = "$(TARGET_NAME)";
				SWIFT_EMIT_LOC_STRINGS = NO;
				SWIFT_VERSION = 5.0;
				TARGETED_DEVICE_FAMILY = "1,2";
				TEST_HOST = "$(BUILT_PRODUCTS_DIR)/worgleworgle_ios.app/$(BUNDLE_EXECUTABLE_FOLDER_PATH)/worgleworgle_ios";
			};
			name = Release;
		};
		A542DBC12E1189780069951A /* Debug */ = {
			isa = XCBuildConfiguration;
			buildSettings = {
				CODE_SIGN_STYLE = Automatic;
				CURRENT_PROJECT_VERSION = 1;
				DEVELOPMENT_TEAM = M9UHJM9LN3;
				GENERATE_INFOPLIST_FILE = YES;
				MARKETING_VERSION = 1.0;
				PRODUCT_BUNDLE_IDENTIFIER = "net.ifmain.worgleworgle-iosUITests";
				PRODUCT_NAME = "$(TARGET_NAME)";
				SWIFT_EMIT_LOC_STRINGS = NO;
				SWIFT_VERSION = 5.0;
				TARGETED_DEVICE_FAMILY = "1,2";
				TEST_TARGET_NAME = worgleworgle_ios;
			};
			name = Debug;
		};
		A542DBC22E1189780069951A /* Release */ = {
			isa = XCBuildConfiguration;
			buildSettings = {
				CODE_SIGN_STYLE = Automatic;
				CURRENT_PROJECT_VERSION = 1;
				DEVELOPMENT_TEAM = M9UHJM9LN3;
				GENERATE_INFOPLIST_FILE = YES;
				MARKETING_VERSION = 1.0;
				PRODUCT_BUNDLE_IDENTIFIER = "net.ifmain.worgleworgle-iosUITests";
				PRODUCT_NAME = "$(TARGET_NAME)";
				SWIFT_EMIT_LOC_STRINGS = NO;
				SWIFT_VERSION = 5.0;
				TARGETED_DEVICE_FAMILY = "1,2";
				TEST_TARGET_NAME = worgleworgle_ios;
			};
			name = Release;
		};
/* End XCBuildConfiguration section */

/* Begin XCConfigurationList section */
		A542DB942E1189760069951A /* Build configuration list for PBXProject "worgleworgle_ios" */ = {
			isa = XCConfigurationList;
			buildConfigurations = (
				A542DBB82E1189780069951A /* Debug */,
				A542DBB92E1189780069951A /* Release */,
			);
			defaultConfigurationIsVisible = 0;
			defaultConfigurationName = Release;
		};
		A542DBBA2E1189780069951A /* Build configuration list for PBXNativeTarget "worgleworgle_ios" */ = {
			isa = XCConfigurationList;
			buildConfigurations = (
				A542DBBB2E1189780069951A /* Debug */,
				A542DBBC2E1189780069951A /* Release */,
			);
			defaultConfigurationIsVisible = 0;
			defaultConfigurationName = Release;
		};
		A542DBBD2E1189780069951A /* Build configuration list for PBXNativeTarget "worgleworgle_iosTests" */ = {
			isa = XCConfigurationList;
			buildConfigurations = (
				A542DBBE2E1189780069951A /* Debug */,
				A542DBBF2E1189780069951A /* Release */,
			);
			defaultConfigurationIsVisible = 0;
			defaultConfigurationName = Release;
		};
		A542DBC02E1189780069951A /* Build configuration list for PBXNativeTarget "worgleworgle_iosUITests" */ = {
			isa = XCConfigurationList;
			buildConfigurations = (
				A542DBC12E1189780069951A /* Debug */,
				A542DBC22E1189780069951A /* Release */,
			);
			defaultConfigurationIsVisible = 0;
			defaultConfigurationName = Release;
		};
/* End XCConfigurationList section */
	};
	rootObject = A542DB912E1189760069951A /* Project object */;
}
